
Microsoft Visual Studio Solution File, Format Version 12.00
# Visual Studio Version 17
VisualStudioVersion = 17.14.36511.14 d17.14
MinimumVisualStudioVersion = 10.0.40219.1
Project("{FAE04EC0-301F-11D3-BF4B-00C04F79EFBC}") = "SixthPractical-StudentListProject", "SixthPractical-StudentListProject\SixthPractical-StudentListProject.csproj", "{CCAEEC4C-A798-4312-8CCD-A1D0F2A8611D}"
EndProject
Global
	GlobalSection(SolutionConfigurationPlatforms) = preSolution
		Debug|Any CPU = Debug|Any CPU
		Release|Any CPU = Release|Any CPU
	EndGlobalSection
	GlobalSection(ProjectConfigurationPlatforms) = postSolution
		{CCAEEC4C-A798-4312-8CCD-A1D0F2A8611D}.Debug|Any CPU.ActiveCfg = Debug|Any CPU
		{CCAEEC4C-A798-4312-8CCD-A1D0F2A8611D}.Debug|Any CPU.Build.0 = Debug|Any CPU
		{CCAEEC4C-A798-4312-8CCD-A1D0F2A8611D}.Release|Any CPU.ActiveCfg = Release|Any CPU
		{CCAEEC4C-A798-4312-8CCD-A1D0F2A8611D}.Release|Any CPU.Build.0 = Release|Any CPU
	EndGlobalSection
	GlobalSection(SolutionProperties) = preSolution
		HideSolutionNode = FALSE
	EndGlobalSection
	GlobalSection(ExtensibilityGlobals) = postSolution
		SolutionGuid = {AB49C12E-7073-4664-A15A-4D23E1E5B142}
	EndGlobalSection
EndGlobal
